// !$*UTF8*$!
{
	archiveVersion = 1;
	classes = {
	};
	objectVersion = 46;
	objects = {

/* Begin PBXBuildFile section */
		30D467AC1EA061E1005EF140 /* main.m in Sources */ = {isa = PBXBuildFile; fileRef = 30D467AB1EA061E1005EF140 /* main.m */; };
		30D467AF1EA061E1005EF140 /* AppDelegate.m in Sources */ = {isa = PBXBuildFile; fileRef = 30D467AE1EA061E1005EF140 /* AppDelegate.m */; };
		30D467B21EA061E1005EF140 /* ViewController.m in Sources */ = {isa = PBXBuildFile; fileRef = 30D467B11EA061E1005EF140 /* ViewController.m */; };
		30D467B51EA061E1005EF140 /* Main.storyboard in Resources */ = {isa = PBXBuildFile; fileRef = 30D467B31EA061E1005EF140 /* Main.storyboard */; };
		30D467B71EA061E1005EF140 /* Assets.xcassets in Resources */ = {isa = PBXBuildFile; fileRef = 30D467B61EA061E1005EF140 /* Assets.xcassets */; };
		30D467BA1EA061E1005EF140 /* LaunchScreen.storyboard in Resources */ = {isa = PBXBuildFile; fileRef = 30D467B81EA061E1005EF140 /* LaunchScreen.storyboard */; };
		30D467C51EA061E1005EF140 /* TabbarTestTests.m in Sources */ = {isa = PBXBuildFile; fileRef = 30D467C41EA061E1005EF140 /* TabbarTestTests.m */; };
		30D467D01EA061E1005EF140 /* TabbarTestUITests.m in Sources */ = {isa = PBXBuildFile; fileRef = 30D467CF1EA061E1005EF140 /* TabbarTestUITests.m */; };
		30D467DF1EA06B2A005EF140 /* TabbarOne.m in Sources */ = {isa = PBXBuildFile; fileRef = 30D467DE1EA06B2A005EF140 /* TabbarOne.m */; };
		30D467E21EA06B3D005EF140 /* TabbarTwo.m in Sources */ = {isa = PBXBuildFile; fileRef = 30D467E11EA06B3D005EF140 /* TabbarTwo.m */; };
		30D467E51EA06BDA005EF140 /* TabbarThree.m in Sources */ = {isa = PBXBuildFile; fileRef = 30D467E41EA06BDA005EF140 /* TabbarThree.m */; };
		30D467E81EA06BF2005EF140 /* TabbarFour.m in Sources */ = {isa = PBXBuildFile; fileRef = 30D467E71EA06BF2005EF140 /* TabbarFour.m */; };
/* End PBXBuildFile section */

/* Begin PBXContainerItemProxy section */
		30D467C11EA061E1005EF140 /* PBXContainerItemProxy */ = {
			isa = PBXContainerItemProxy;
			containerPortal = 30D4679F1EA061E1005EF140 /* Project object */;
			proxyType = 1;
			remoteGlobalIDString = 30D467A61EA061E1005EF140;
			remoteInfo = TabbarTest;
		};
		30D467CC1EA061E1005EF140 /* PBXContainerItemProxy */ = {
			isa = PBXContainerItemProxy;
			containerPortal = 30D4679F1EA061E1005EF140 /* Project object */;
			proxyType = 1;
			remoteGlobalIDString = 30D467A61EA061E1005EF140;
			remoteInfo = TabbarTest;
		};
/* End PBXContainerItemProxy section */

/* Begin PBXFileReference section */
		30D467A71EA061E1005EF140 /* TabbarTest.app */ = {isa = PBXFileReference; explicitFileType = wrapper.application; includeInIndex = 0; path = TabbarTest.app; sourceTree = BUILT_PRODUCTS_DIR; };
		30D467AB1EA061E1005EF140 /* main.m */ = {isa = PBXFileReference; lastKnownFileType = sourcecode.c.objc; path = main.m; sourceTree = "<group>"; };
		30D467AD1EA061E1005EF140 /* AppDelegate.h */ = {isa = PBXFileReference; lastKnownFileType = sourcecode.c.h; path = AppDelegate.h; sourceTree = "<group>"; };
		30D467AE1EA061E1005EF140 /* AppDelegate.m */ = {isa = PBXFileReference; lastKnownFileType = sourcecode.c.objc; path = AppDelegate.m; sourceTree = "<group>"; };
		30D467B01EA061E1005EF140 /* ViewController.h */ = {isa = PBXFileReference; lastKnownFileType = sourcecode.c.h; path = ViewController.h; sourceTree = "<group>"; };
		30D467B11EA061E1005EF140 /* ViewController.m */ = {isa = PBXFileReference; lastKnownFileType = sourcecode.c.objc; path = ViewController.m; sourceTree = "<group>"; };
		30D467B41EA061E1005EF140 /* Base */ = {isa = PBXFileReference; lastKnownFileType = file.storyboard; name = Base; path = Base.lproj/Main.storyboard; sourceTree = "<group>"; };
		30D467B61EA061E1005EF140 /* Assets.xcassets */ = {isa = PBXFileReference; lastKnownFileType = folder.assetcatalog; path = Assets.xcassets; sourceTree = "<group>"; };
		30D467B91EA061E1005EF140 /* Base */ = {isa = PBXFileReference; lastKnownFileType = file.storyboard; name = Base; path = Base.lproj/LaunchScreen.storyboard; sourceTree = "<group>"; };
		30D467BB1EA061E1005EF140 /* Info.plist */ = {isa = PBXFileReference; lastKnownFileType = text.plist.xml; path = Info.plist; sourceTree = "<group>"; };
		30D467C01EA061E1005EF140 /* TabbarTestTests.xctest */ = {isa = PBXFileReference; explicitFileType = wrapper.cfbundle; includeInIndex = 0; path = TabbarTestTests.xctest; sourceTree = BUILT_PRODUCTS_DIR; };
		30D467C41EA061E1005EF140 /* TabbarTestTests.m */ = {isa = PBXFileReference; lastKnownFileType = sourcecode.c.objc; path = TabbarTestTests.m; sourceTree = "<group>"; };
		30D467C61EA061E1005EF140 /* Info.plist */ = {isa = PBXFileReference; lastKnownFileType = text.plist.xml; path = Info.plist; sourceTree = "<group>"; };
		30D467CB1EA061E1005EF140 /* TabbarTestUITests.xctest */ = {isa = PBXFileReference; explicitFileType = wrapper.cfbundle; includeInIndex = 0; path = TabbarTestUITests.xctest; sourceTree = BUILT_PRODUCTS_DIR; };
		30D467CF1EA061E1005EF140 /* TabbarTestUITests.m */ = {isa = PBXFileReference; lastKnownFileType = sourcecode.c.objc; path = TabbarTestUITests.m; sourceTree = "<group>"; };
		30D467D11EA061E1005EF140 /* Info.plist */ = {isa = PBXFileReference; lastKnownFileType = text.plist.xml; path = Info.plist; sourceTree = "<group>"; };
		30D467DD1EA06B2A005EF140 /* TabbarOne.h */ = {isa = PBXFileReference; fileEncoding = 4; lastKnownFileType = sourcecode.c.h; path = TabbarOne.h; sourceTree = "<group>"; };
		30D467DE1EA06B2A005EF140 /* TabbarOne.m */ = {isa = PBXFileReference; fileEncoding = 4; lastKnownFileType = sourcecode.c.objc; path = TabbarOne.m; sourceTree = "<group>"; };
		30D467E01EA06B3D005EF140 /* TabbarTwo.h */ = {isa = PBXFileReference; fileEncoding = 4; lastKnownFileType = sourcecode.c.h; path = TabbarTwo.h; sourceTree = "<group>"; };
		30D467E11EA06B3D005EF140 /* TabbarTwo.m */ = {isa = PBXFileReference; fileEncoding = 4; lastKnownFileType = sourcecode.c.objc; path = TabbarTwo.m; sourceTree = "<group>"; };
		30D467E31EA06BDA005EF140 /* TabbarThree.h */ = {isa = PBXFileReference; fileEncoding = 4; lastKnownFileType = sourcecode.c.h; path = TabbarThree.h; sourceTree = "<group>"; };
		30D467E41EA06BDA005EF140 /* TabbarThree.m */ = {isa = PBXFileReference; fileEncoding = 4; lastKnownFileType = sourcecode.c.objc; path = TabbarThree.m; sourceTree = "<group>"; };
		30D467E61EA06BF2005EF140 /* TabbarFour.h */ = {isa = PBXFileReference; fileEncoding = 4; lastKnownFileType = sourcecode.c.h; path = TabbarFour.h; sourceTree = "<group>"; };
		30D467E71EA06BF2005EF140 /* TabbarFour.m */ = {isa = PBXFileReference; fileEncoding = 4; lastKnownFileType = sourcecode.c.objc; path = TabbarFour.m; sourceTree = "<group>"; };
/* End PBXFileReference section */

/* Begin PBXFrameworksBuildPhase section */
		30D467A41EA061E1005EF140 /* Frameworks */ = {
			isa = PBXFrameworksBuildPhase;
			buildActionMask = 2147483647;
			files = (
			);
			runOnlyForDeploymentPostprocessing = 0;
		};
		30D467BD1EA061E1005EF140 /* Frameworks */ = {
			isa = PBXFrameworksBuildPhase;
			buildActionMask = 2147483647;
			files = (
			);
			runOnlyForDeploymentPostprocessing = 0;
		};
		30D467C81EA061E1005EF140 /* Frameworks */ = {
			isa = PBXFrameworksBuildPhase;
			buildActionMask = 2147483647;
			files = (
			);
			runOnlyForDeploymentPostprocessing = 0;
		};
/* End PBXFrameworksBuildPhase section */

/* Begin PBXGroup section */
		30D4679E1EA061E1005EF140 = {
			isa = PBXGroup;
			children = (
				30D467A91EA061E1005EF140 /* TabbarTest */,
				30D467C31EA061E1005EF140 /* TabbarTestTests */,
				30D467CE1EA061E1005EF140 /* TabbarTestUITests */,
				30D467A81EA061E1005EF140 /* Products */,
			);
			sourceTree = "<group>";
		};
		30D467A81EA061E1005EF140 /* Products */ = {
			isa = PBXGroup;
			children = (
				30D467A71EA061E1005EF140 /* TabbarTest.app */,
				30D467C01EA061E1005EF140 /* TabbarTestTests.xctest */,
				30D467CB1EA061E1005EF140 /* TabbarTestUITests.xctest */,
			);
			name = Products;
			sourceTree = "<group>";
		};
		30D467A91EA061E1005EF140 /* TabbarTest */ = {
			isa = PBXGroup;
			children = (
				30D467AD1EA061E1005EF140 /* AppDelegate.h */,
				30D467AE1EA061E1005EF140 /* AppDelegate.m */,
				30D467B01EA061E1005EF140 /* ViewController.h */,
				30D467B11EA061E1005EF140 /* ViewController.m */,
				30D467DD1EA06B2A005EF140 /* TabbarOne.h */,
				30D467DE1EA06B2A005EF140 /* TabbarOne.m */,
				30D467E01EA06B3D005EF140 /* TabbarTwo.h */,
				30D467E11EA06B3D005EF140 /* TabbarTwo.m */,
				30D467E31EA06BDA005EF140 /* TabbarThree.h */,
				30D467E41EA06BDA005EF140 /* TabbarThree.m */,
				30D467E61EA06BF2005EF140 /* TabbarFour.h */,
				30D467E71EA06BF2005EF140 /* TabbarFour.m */,
				30D467B31EA061E1005EF140 /* Main.storyboard */,
				30D467B61EA061E1005EF140 /* Assets.xcassets */,
				30D467B81EA061E1005EF140 /* LaunchScreen.storyboard */,
				30D467BB1EA061E1005EF140 /* Info.plist */,
				30D467AA1EA061E1005EF140 /* Supporting Files */,
			);
			path = TabbarTest;
			sourceTree = "<group>";
		};
		30D467AA1EA061E1005EF140 /* Supporting Files */ = {
			isa = PBXGroup;
			children = (
				30D467AB1EA061E1005EF140 /* main.m */,
			);
			name = "Supporting Files";
			sourceTree = "<group>";
		};
		30D467C31EA061E1005EF140 /* TabbarTestTests */ = {
			isa = PBXGroup;
			children = (
				30D467C41EA061E1005EF140 /* TabbarTestTests.m */,
				30D467C61EA061E1005EF140 /* Info.plist */,
			);
			path = TabbarTestTests;
			sourceTree = "<group>";
		};
		30D467CE1EA061E1005EF140 /* TabbarTestUITests */ = {
			isa = PBXGroup;
			children = (
				30D467CF1EA061E1005EF140 /* TabbarTestUITests.m */,
				30D467D11EA061E1005EF140 /* Info.plist */,
			);
			path = TabbarTestUITests;
			sourceTree = "<group>";
		};
/* End PBXGroup section */

/* Begin PBXNativeTarget section */
		30D467A61EA061E1005EF140 /* TabbarTest */ = {
			isa = PBXNativeTarget;
			buildConfigurationList = 30D467D41EA061E1005EF140 /* Build configuration list for PBXNativeTarget "TabbarTest" */;
			buildPhases = (
				30D467A31EA061E1005EF140 /* Sources */,
				30D467A41EA061E1005EF140 /* Frameworks */,
				30D467A51EA061E1005EF140 /* Resources */,
			);
			buildRules = (
			);
			dependencies = (
			);
			name = TabbarTest;
			productName = TabbarTest;
			productReference = 30D467A71EA061E1005EF140 /* TabbarTest.app */;
			productType = "com.apple.product-type.application";
		};
		30D467BF1EA061E1005EF140 /* TabbarTestTests */ = {
			isa = PBXNativeTarget;
			buildConfigurationList = 30D467D71EA061E1005EF140 /* Build configuration list for PBXNativeTarget "TabbarTestTests" */;
			buildPhases = (
				30D467BC1EA061E1005EF140 /* Sources */,
				30D467BD1EA061E1005EF140 /* Frameworks */,
				30D467BE1EA061E1005EF140 /* Resources */,
			);
			buildRules = (
			);
			dependencies = (
				30D467C21EA061E1005EF140 /* PBXTargetDependency */,
			);
			name = TabbarTestTests;
			productName = TabbarTestTests;
			productReference = 30D467C01EA061E1005EF140 /* TabbarTestTests.xctest */;
			productType = "com.apple.product-type.bundle.unit-test";
		};
		30D467CA1EA061E1005EF140 /* TabbarTestUITests */ = {
			isa = PBXNativeTarget;
			buildConfigurationList = 30D467DA1EA061E1005EF140 /* Build configuration list for PBXNativeTarget "TabbarTestUITests" */;
			buildPhases = (
				30D467C71EA061E1005EF140 /* Sources */,
				30D467C81EA061E1005EF140 /* Frameworks */,
				30D467C91EA061E1005EF140 /* Resources */,
			);
			buildRules = (
			);
			dependencies = (
				30D467CD1EA061E1005EF140 /* PBXTargetDependency */,
			);
			name = TabbarTestUITests;
			productName = TabbarTestUITests;
			productReference = 30D467CB1EA061E1005EF140 /* TabbarTestUITests.xctest */;
			productType = "com.apple.product-type.bundle.ui-testing";
		};
/* End PBXNativeTarget section */

/* Begin PBXProject section */
		30D4679F1EA061E1005EF140 /* Project object */ = {
			isa = PBXProject;
			attributes = {
				LastUpgradeCheck = 0830;
				ORGANIZATIONNAME = "战立军";
				TargetAttributes = {
					30D467A61EA061E1005EF140 = {
						CreatedOnToolsVersion = 8.3.1;
						ProvisioningStyle = Automatic;
					};
					30D467BF1EA061E1005EF140 = {
						CreatedOnToolsVersion = 8.3.1;
						ProvisioningStyle = Automatic;
						TestTargetID = 30D467A61EA061E1005EF140;
					};
					30D467CA1EA061E1005EF140 = {
						CreatedOnToolsVersion = 8.3.1;
						ProvisioningStyle = Automatic;
						TestTargetID = 30D467A61EA061E1005EF140;
					};
				};
			};
			buildConfigurationList = 30D467A21EA061E1005EF140 /* Build configuration list for PBXProject "TabbarTest" */;
			compatibilityVersion = "Xcode 3.2";
			developmentRegion = English;
			hasScannedForEncodings = 0;
			knownRegions = (
				en,
				Base,
			);
			mainGroup = 30D4679E1EA061E1005EF140;
			productRefGroup = 30D467A81EA061E1005EF140 /* Products */;
			projectDirPath = "";
			projectRoot = "";
			targets = (
				30D467A61EA061E1005EF140 /* TabbarTest */,
				30D467BF1EA061E1005EF140 /* TabbarTestTests */,
				30D467CA1EA061E1005EF140 /* TabbarTestUITests */,
			);
		};
/* End PBXProject section */

/* Begin PBXResourcesBuildPhase section */
		30D467A51EA061E1005EF140 /* Resources */ = {
			isa = PBXResourcesBuildPhase;
			buildActionMask = 2147483647;
			files = (
				30D467BA1EA061E1005EF140 /* LaunchScreen.storyboard in Resources */,
				30D467B71EA061E1005EF140 /* Assets.xcassets in Resources */,
				30D467B51EA061E1005EF140 /* Main.storyboard in Resources */,
			);
			runOnlyForDeploymentPostprocessing = 0;
		};
		30D467BE1EA061E1005EF140 /* Resources */ = {
			isa = PBXResourcesBuildPhase;
			buildActionMask = 2147483647;
			files = (
			);
			runOnlyForDeploymentPostprocessing = 0;
		};
		30D467C91EA061E1005EF140 /* Resources */ = {
			isa = PBXResourcesBuildPhase;
			buildActionMask = 2147483647;
			files = (
			);
			runOnlyForDeploymentPostprocessing = 0;
		};
/* End PBXResourcesBuildPhase section */

/* Begin PBXSourcesBuildPhase section */
		30D467A31EA061E1005EF140 /* Sources */ = {
			isa = PBXSourcesBuildPhase;
			buildActionMask = 2147483647;
			files = (
				30D467DF1EA06B2A005EF140 /* TabbarOne.m in Sources */,
				30D467B21EA061E1005EF140 /* ViewController.m in Sources */,
				30D467E51EA06BDA005EF140 /* TabbarThree.m in Sources */,
				30D467AF1EA061E1005EF140 /* AppDelegate.m in Sources */,
				30D467E81EA06BF2005EF140 /* TabbarFour.m in Sources */,
				30D467E21EA06B3D005EF140 /* TabbarTwo.m in Sources */,
				30D467AC1EA061E1005EF140 /* main.m in Sources */,
			);
			runOnlyForDeploymentPostprocessing = 0;
		};
		30D467BC1EA061E1005EF140 /* Sources */ = {
			isa = PBXSourcesBuildPhase;
			buildActionMask = 2147483647;
			files = (
				30D467C51EA061E1005EF140 /* TabbarTestTests.m in Sources */,
			);
			runOnlyForDeploymentPostprocessing = 0;
		};
		30D467C71EA061E1005EF140 /* Sources */ = {
			isa = PBXSourcesBuildPhase;
			buildActionMask = 2147483647;
			files = (
				30D467D01EA061E1005EF140 /* TabbarTestUITests.m in Sources */,
			);
			runOnlyForDeploymentPostprocessing = 0;
		};
/* End PBXSourcesBuildPhase section */

/* Begin PBXTargetDependency section */
		30D467C21EA061E1005EF140 /* PBXTargetDependency */ = {
			isa = PBXTargetDependency;
			target = 30D467A61EA061E1005EF140 /* TabbarTest */;
			targetProxy = 30D467C11EA061E1005EF140 /* PBXContainerItemProxy */;
		};
		30D467CD1EA061E1005EF140 /* PBXTargetDependency */ = {
			isa = PBXTargetDependency;
			target = 30D467A61EA061E1005EF140 /* TabbarTest */;
			targetProxy = 30D467CC1EA061E1005EF140 /* PBXContainerItemProxy */;
		};
/* End PBXTargetDependency section */

/* Begin PBXVariantGroup section */
		30D467B31EA061E1005EF140 /* Main.storyboard */ = {
			isa = PBXVariantGroup;
			children = (
				30D467B41EA061E1005EF140 /* Base */,
			);
			name = Main.storyboard;
			sourceTree = "<group>";
		};
		30D467B81EA061E1005EF140 /* LaunchScreen.storyboard */ = {
			isa = PBXVariantGroup;
			children = (
				30D467B91EA061E1005EF140 /* Base */,
			);
			name = LaunchScreen.storyboard;
			sourceTree = "<group>";
		};
/* End PBXVariantGroup section */

/* Begin XCBuildConfiguration section */
		30D467D21EA061E1005EF140 /* Debug */ = {
			isa = XCBuildConfiguration;
			buildSettings = {
				ALWAYS_SEARCH_USER_PATHS = NO;
				CLANG_ANALYZER_NONNULL = YES;
				CLANG_ANALYZER_NUMBER_OBJECT_CONVERSION = YES_AGGRESSIVE;
				CLANG_CXX_LANGUAGE_STANDARD = "gnu++0x";
				CLANG_CXX_LIBRARY = "libc++";
				CLANG_ENABLE_MODULES = YES;
				CLANG_ENABLE_OBJC_ARC = YES;
				CLANG_WARN_BOOL_CONVERSION = YES;
				CLANG_WARN_CONSTANT_CONVERSION = YES;
				CLANG_WARN_DIRECT_OBJC_ISA_USAGE = YES_ERROR;
				CLANG_WARN_DOCUMENTATION_COMMENTS = YES;
				CLANG_WARN_EMPTY_BODY = YES;
				CLANG_WARN_ENUM_CONVERSION = YES;
				CLANG_WARN_INFINITE_RECURSION = YES;
				CLANG_WARN_INT_CONVERSION = YES;
				CLANG_WARN_OBJC_ROOT_CLASS = YES_ERROR;
				CLANG_WARN_SUSPICIOUS_MOVE = YES;
				CLANG_WARN_UNREACHABLE_CODE = YES;
				CLANG_WARN__DUPLICATE_METHOD_MATCH = YES;
				"CODE_SIGN_IDENTITY[sdk=iphoneos*]" = "iPhone Developer";
				COPY_PHASE_STRIP = NO;
				DEBUG_INFORMATION_FORMAT = dwarf;
				ENABLE_STRICT_OBJC_MSGSEND = YES;
				ENABLE_TESTABILITY = YES;
				GCC_C_LANGUAGE_STANDARD = gnu99;
				GCC_DYNAMIC_NO_PIC = NO;
				GCC_NO_COMMON_BLOCKS = YES;
				GCC_OPTIMIZATION_LEVEL = 0;
				GCC_PREPROCESSOR_DEFINITIONS = (
					"DEBUG=1",
					"$(inherited)",
				);
				GCC_WARN_64_TO_32_BIT_CONVERSION = YES;
				GCC_WARN_ABOUT_RETURN_TYPE = YES_ERROR;
				GCC_WARN_UNDECLARED_SELECTOR = YES;
				GCC_WARN_UNINITIALIZED_AUTOS = YES_AGGRESSIVE;
				GCC_WARN_UNUSED_FUNCTION = YES;
				GCC_WARN_UNUSED_VARIABLE = YES;
				IPHONEOS_DEPLOYMENT_TARGET = 10.3;
				MTL_ENABLE_DEBUG_INFO = YES;
				ONLY_ACTIVE_ARCH = YES;
				SDKROOT = iphoneos;
				TARGETED_DEVICE_FAMILY = "1,2";
			};
			name = Debug;
		};
		30D467D31EA061E1005EF140 /* Release */ = {
			isa = XCBuildConfiguration;
			buildSettings = {
				ALWAYS_SEARCH_USER_PATHS = NO;
				CLANG_ANALYZER_NONNULL = YES;
				CLANG_ANALYZER_NUMBER_OBJECT_CONVERSION = YES_AGGRESSIVE;
				CLANG_CXX_LANGUAGE_STANDARD = "gnu++0x";
				CLANG_CXX_LIBRARY = "libc++";
				CLANG_ENABLE_MODULES = YES;
				CLANG_ENABLE_OBJC_ARC = YES;
				CLANG_WARN_BOOL_CONVERSION = YES;
				CLANG_WARN_CONSTANT_CONVERSION = YES;
				CLANG_WARN_DIRECT_OBJC_ISA_USAGE = YES_ERROR;
				CLANG_WARN_DOCUMENTATION_COMMENTS = YES;
				CLANG_WARN_EMPTY_BODY = YES;
				CLANG_WARN_ENUM_CONVERSION = YES;
				CLANG_WARN_INFINITE_RECURSION = YES;
				CLANG_WARN_INT_CONVERSION = YES;
				CLANG_WARN_OBJC_ROOT_CLASS = YES_ERROR;
				CLANG_WARN_SUSPICIOUS_MOVE = YES;
				CLANG_WARN_UNREACHABLE_CODE = YES;
				CLANG_WARN__DUPLICATE_METHOD_MATCH = YES;
				"CODE_SIGN_IDENTITY[sdk=iphoneos*]" = "iPhone Developer";
				COPY_PHASE_STRIP = NO;
				DEBUG_INFORMATION_FORMAT = "dwarf-with-dsym";
				ENABLE_NS_ASSERTIONS = NO;
				ENABLE_STRICT_OBJC_MSGSEND = YES;
				GCC_C_LANGUAGE_STANDARD = gnu99;
				GCC_NO_COMMON_BLOCKS = YES;
				GCC_WARN_64_TO_32_BIT_CONVERSION = YES;
				GCC_WARN_ABOUT_RETURN_TYPE = YES_ERROR;
				GCC_WARN_UNDECLARED_SELECTOR = YES;
				GCC_WARN_UNINITIALIZED_AUTOS = YES_AGGRESSIVE;
				GCC_WARN_UNUSED_FUNCTION = YES;
				GCC_WARN_UNUSED_VARIABLE = YES;
				IPHONEOS_DEPLOYMENT_TARGET = 10.3;
				MTL_ENABLE_DEBUG_INFO = NO;
				SDKROOT = iphoneos;
				TARGETED_DEVICE_FAMILY = "1,2";
				VALIDATE_PRODUCT = YES;
			};
			name = Release;
		};
		30D467D51EA061E1005EF140 /* Debug */ = {
			isa = XCBuildConfiguration;
			buildSettings = {
				ASSETCATALOG_COMPILER_APPICON_NAME = AppIcon;
				INFOPLIST_FILE = TabbarTest/Info.plist;
				LD_RUNPATH_SEARCH_PATHS = "$(inherited) @executable_path/Frameworks";
				PRODUCT_BUNDLE_IDENTIFIER = com.zhanlijun.TabbarTest;
				PRODUCT_NAME = "$(TARGET_NAME)";
			};
			name = Debug;
		};
		30D467D61EA061E1005EF140 /* Release */ = {
			isa = XCBuildConfiguration;
			buildSettings = {
				ASSETCATALOG_COMPILER_APPICON_NAME = AppIcon;
				INFOPLIST_FILE = TabbarTest/Info.plist;
				LD_RUNPATH_SEARCH_PATHS = "$(inherited) @executable_path/Frameworks";
				PRODUCT_BUNDLE_IDENTIFIER = com.zhanlijun.TabbarTest;
				PRODUCT_NAME = "$(TARGET_NAME)";
			};
			name = Release;
		};
		30D467D81EA061E1005EF140 /* Debug */ = {
			isa = XCBuildConfiguration;
			buildSettings = {
				BUNDLE_LOADER = "$(TEST_HOST)";
				INFOPLIST_FILE = TabbarTestTests/Info.plist;
				LD_RUNPATH_SEARCH_PATHS = "$(inherited) @executable_path/Frameworks @loader_path/Frameworks";
				PRODUCT_BUNDLE_IDENTIFIER = com.zhanlijun.TabbarTestTests;
				PRODUCT_NAME = "$(TARGET_NAME)";
				TEST_HOST = "$(BUILT_PRODUCTS_DIR)/TabbarTest.app/TabbarTest";
			};
			name = Debug;
		};
		30D467D91EA061E1005EF140 /* Release */ = {
			isa = XCBuildConfiguration;
			buildSettings = {
				BUNDLE_LOADER = "$(TEST_HOST)";
				INFOPLIST_FILE = TabbarTestTests/Info.plist;
				LD_RUNPATH_SEARCH_PATHS = "$(inherited) @executable_path/Frameworks @loader_path/Frameworks";
				PRODUCT_BUNDLE_IDENTIFIER = com.zhanlijun.TabbarTestTests;
				PRODUCT_NAME = "$(TARGET_NAME)";
				TEST_HOST = "$(BUILT_PRODUCTS_DIR)/TabbarTest.app/TabbarTest";
			};
			name = Release;
		};
		30D467DB1EA061E1005EF140 /* Debug */ = {
			isa = XCBuildConfiguration;
			buildSettings = {
				INFOPLIST_FILE = TabbarTestUITests/Info.plist;
				LD_RUNPATH_SEARCH_PATHS = "$(inherited) @executable_path/Frameworks @loader_path/Frameworks";
				PRODUCT_BUNDLE_IDENTIFIER = com.zhanlijun.TabbarTestUITests;
				PRODUCT_NAME = "$(TARGET_NAME)";
				TEST_TARGET_NAME = TabbarTest;
			};
			name = Debug;
		};
		30D467DC1EA061E1005EF140 /* Release */ = {
			isa = XCBuildConfiguration;
			buildSettings = {
				INFOPLIST_FILE = TabbarTestUITests/Info.plist;
				LD_RUNPATH_SEARCH_PATHS = "$(inherited) @executable_path/Frameworks @loader_path/Frameworks";
				PRODUCT_BUNDLE_IDENTIFIER = com.zhanlijun.TabbarTestUITests;
				PRODUCT_NAME = "$(TARGET_NAME)";
				TEST_TARGET_NAME = TabbarTest;
			};
			name = Release;
		};
/* End XCBuildConfiguration section */

/* Begin XCConfigurationList section */
		30D467A21EA061E1005EF140 /* Build configuration list for PBXProject "TabbarTest" */ = {
			isa = XCConfigurationList;
			buildConfigurations = (
				30D467D21EA061E1005EF140 /* Debug */,
				30D467D31EA061E1005EF140 /* Release */,
			);
			defaultConfigurationIsVisible = 0;
			defaultConfigurationName = Release;
		};
		30D467D41EA061E1005EF140 /* Build configuration list for PBXNativeTarget "TabbarTest" */ = {
			isa = XCConfigurationList;
			buildConfigurations = (
				30D467D51EA061E1005EF140 /* Debug */,
				30D467D61EA061E1005EF140 /* Release */,
			);
			defaultConfigurationIsVisible = 0;
		};
		30D467D71EA061E1005EF140 /* Build configuration list for PBXNativeTarget "TabbarTestTests" */ = {
			isa = XCConfigurationList;
			buildConfigurations = (
				30D467D81EA061E1005EF140 /* Debug */,
				30D467D91EA061E1005EF140 /* Release */,
			);
			defaultConfigurationIsVisible = 0;
		};
		30D467DA1EA061E1005EF140 /* Build configuration list for PBXNativeTarget "TabbarTestUITests" */ = {
			isa = XCConfigurationList;
			buildConfigurations = (
				30D467DB1EA061E1005EF140 /* Debug */,
				30D467DC1EA061E1005EF140 /* Release */,
			);
			defaultConfigurationIsVisible = 0;
		};
/* End XCConfigurationList section */
	};
	rootObject = 30D4679F1EA061E1005EF140 /* Project object */;
}
